
Microsoft Visual Studio Solution File, Format Version 12.00
# Visual Studio Version 17
VisualStudioVersion = 17.8.34511.84
MinimumVisualStudioVersion = 10.0.40219.1
Project("{FAE04EC0-301F-11D3-BF4B-00C04F79EFBC}") = "BulkyWeb", "BulkyWeb\BulkyWeb.csproj", "{079A5CF4-D20C-4E08-AEB4-97F7400074B6}"
EndProject
Global
	GlobalSection(SolutionConfigurationPlatforms) = preSolution
		Debug|Any CPU = Debug|Any CPU
		Release|Any CPU = Release|Any CPU
	EndGlobalSection
	GlobalSection(ProjectConfigurationPlatforms) = postSolution
		{079A5CF4-D20C-4E08-AEB4-97F7400074B6}.Debug|Any CPU.ActiveCfg = Debug|Any CPU
		{079A5CF4-D20C-4E08-AEB4-97F7400074B6}.Debug|Any CPU.Build.0 = Debug|Any CPU
		{079A5CF4-D20C-4E08-AEB4-97F7400074B6}.Release|Any CPU.ActiveCfg = Release|Any CPU
		{079A5CF4-D20C-4E08-AEB4-97F7400074B6}.Release|Any CPU.Build.0 = Release|Any CPU
	EndGlobalSection
	GlobalSection(SolutionProperties) = preSolution
		HideSolutionNode = FALSE
	EndGlobalSection
	GlobalSection(ExtensibilityGlobals) = postSolution
		SolutionGuid = {7D2FAA36-F2F3-49CB-915E-555E687BB534}
	EndGlobalSection
EndGlobal
